
Microsoft Visual Studio Solution File, Format Version 12.00
# Visual Studio Version 16
VisualStudioVersion = 16.0.31321.278
MinimumVisualStudioVersion = 10.0.40219.1
Project("{888888A0-9F3D-457C-B088-3A5042F75D52}") = "flop_counter_cnn", "flop_counter_cnn.pyproj", "{4C4ED5FF-CDA2-41ED-B615-34CA9E9EDD00}"
EndProject
Global
	GlobalSection(SolutionConfigurationPlatforms) = preSolution
		Debug|Any CPU = Debug|Any CPU
		Release|Any CPU = Release|Any CPU
	EndGlobalSection
	GlobalSection(ProjectConfigurationPlatforms) = postSolution
		{4C4ED5FF-CDA2-41ED-B615-34CA9E9EDD00}.Debug|Any CPU.ActiveCfg = Debug|Any CPU
		{4C4ED5FF-CDA2-41ED-B615-34CA9E9EDD00}.Release|Any CPU.ActiveCfg = Release|Any CPU
	EndGlobalSection
	GlobalSection(SolutionProperties) = preSolution
		HideSolutionNode = FALSE
	EndGlobalSection
	GlobalSection(ExtensibilityGlobals) = postSolution
		SolutionGuid = {A4C63057-AC63-474F-97BA-03D94F6B729D}
	EndGlobalSection
EndGlobal
